
Microsoft Visual Studio Solution File, Format Version 12.00
# Visual Studio 14
VisualStudioVersion = 14.0.25420.1
MinimumVisualStudioVersion = 10.0.40219.1
Project("{FAE04EC0-301F-11D3-BF4B-00C04F79EFBC}") = "AssaultCubeHack", "AssaultCubeHack\AssaultCubeHack.csproj", "{AB426923-AEF1-4925-BF1C-F6C37FEDA00E}"
EndProject
Global
	GlobalSection(SolutionConfigurationPlatforms) = preSolution
		Debug|x86 = Debug|x86
		Release|x86 = Release|x86
	EndGlobalSection
	GlobalSection(ProjectConfigurationPlatforms) = postSolution
		{AB426923-AEF1-4925-BF1C-F6C37FEDA00E}.Debug|x86.ActiveCfg = Debug|Any CPU
		{AB426923-AEF1-4925-BF1C-F6C37FEDA00E}.Debug|x86.Build.0 = Debug|Any CPU
		{AB426923-AEF1-4925-BF1C-F6C37FEDA00E}.Release|x86.ActiveCfg = Release|Any CPU
		{AB426923-AEF1-4925-BF1C-F6C37FEDA00E}.Release|x86.Build.0 = Release|Any CPU
	EndGlobalSection
	GlobalSection(SolutionProperties) = preSolution
		HideSolutionNode = FALSE
	EndGlobalSection
EndGlobal
